
Microsoft Visual Studio Solution File, Format Version 12.00
# Visual Studio Version 16
VisualStudioVersion = 16.0.30907.101
MinimumVisualStudioVersion = 10.0.40219.1
Project("{FAE04EC0-301F-11D3-BF4B-00C04F79EFBC}") = "Calculadora", "Calculadora.csproj", "{6056CE90-F427-4AB2-ACA8-25F0D09ABFBD}"
EndProject
Global
	GlobalSection(SolutionConfigurationPlatforms) = preSolution
		Debug|Any CPU = Debug|Any CPU
		Release|Any CPU = Release|Any CPU
	EndGlobalSection
	GlobalSection(ProjectConfigurationPlatforms) = postSolution
		{6056CE90-F427-4AB2-ACA8-25F0D09ABFBD}.Debug|Any CPU.ActiveCfg = Debug|Any CPU
		{6056CE90-F427-4AB2-ACA8-25F0D09ABFBD}.Debug|Any CPU.Build.0 = Debug|Any CPU
		{6056CE90-F427-4AB2-ACA8-25F0D09ABFBD}.Release|Any CPU.ActiveCfg = Release|Any CPU
		{6056CE90-F427-4AB2-ACA8-25F0D09ABFBD}.Release|Any CPU.Build.0 = Release|Any CPU
	EndGlobalSection
	GlobalSection(SolutionProperties) = preSolution
		HideSolutionNode = FALSE
	EndGlobalSection
	GlobalSection(ExtensibilityGlobals) = postSolution
		SolutionGuid = {2CDD4049-83D0-4CB7-86FF-DB761CF29B82}
	EndGlobalSection
EndGlobal
